
Microsoft Visual Studio Solution File, Format Version 12.00
# Visual Studio Version 16
VisualStudioVersion = 16.0.30907.101
MinimumVisualStudioVersion = 10.0.40219.1
Project("{FAE04EC0-301F-11D3-BF4B-00C04F79EFBC}") = "SampleWebPortal", "SampleWebPortal\SampleWebPortal.csproj", "{462FA33E-3874-4717-B4F4-593A59311D81}"
EndProject
Global
	GlobalSection(SolutionConfigurationPlatforms) = preSolution
		Debug|Any CPU = Debug|Any CPU
		Release|Any CPU = Release|Any CPU
	EndGlobalSection
	GlobalSection(ProjectConfigurationPlatforms) = postSolution
		{462FA33E-3874-4717-B4F4-593A59311D81}.Debug|Any CPU.ActiveCfg = Debug|Any CPU
		{462FA33E-3874-4717-B4F4-593A59311D81}.Debug|Any CPU.Build.0 = Debug|Any CPU
		{462FA33E-3874-4717-B4F4-593A59311D81}.Release|Any CPU.ActiveCfg = Release|Any CPU
		{462FA33E-3874-4717-B4F4-593A59311D81}.Release|Any CPU.Build.0 = Release|Any CPU
	EndGlobalSection
	GlobalSection(SolutionProperties) = preSolution
		HideSolutionNode = FALSE
	EndGlobalSection
	GlobalSection(ExtensibilityGlobals) = postSolution
		SolutionGuid = {2B047C4A-F48F-4097-A6F7-A0075323F4BC}
	EndGlobalSection
EndGlobal
